
Microsoft Visual Studio Solution File, Format Version 12.00
# Visual Studio Version 16
VisualStudioVersion = 16.0.33529.622
MinimumVisualStudioVersion = 10.0.40219.1
Project("{8BC9CEB8-8B4A-11D0-8D11-00A0C91BC942}") = "Smart Tables", "Smart Tables.vcxproj", "{B24A49F0-964E-4819-88C5-2225364D8524}"
EndProject
Global
	GlobalSection(SolutionConfigurationPlatforms) = preSolution
		Debug|x86 = Debug|x86
		Release|x86 = Release|x86
	EndGlobalSection
	GlobalSection(ProjectConfigurationPlatforms) = postSolution
		{B24A49F0-964E-4819-88C5-2225364D8524}.Debug|x86.ActiveCfg = Debug|Win32
		{B24A49F0-964E-4819-88C5-2225364D8524}.Debug|x86.Build.0 = Debug|Win32
		{B24A49F0-964E-4819-88C5-2225364D8524}.Release|x86.ActiveCfg = Release|Win32
		{B24A49F0-964E-4819-88C5-2225364D8524}.Release|x86.Build.0 = Release|Win32
	EndGlobalSection
	GlobalSection(SolutionProperties) = preSolution
		HideSolutionNode = FALSE
	EndGlobalSection
	GlobalSection(ExtensibilityGlobals) = postSolution
		SolutionGuid = {E813FDD1-263A-49A8-8954-E8E0E271D27E}
	EndGlobalSection
EndGlobal
